
Microsoft Visual Studio Solution File, Format Version 12.00
# Visual Studio Version 16
VisualStudioVersion = 16.0.30114.105
MinimumVisualStudioVersion = 10.0.40219.1
Project("{FAE04EC0-301F-11D3-BF4B-00C04F79EFBC}") = "API", "API\API.csproj", "{44FAA5AA-F1C6-4B57-8887-C4A1AA250022}"
EndProject
Project("{FAE04EC0-301F-11D3-BF4B-00C04F79EFBC}") = "Application", "Application\Application.csproj", "{B9B35A45-61CF-461A-B02A-08131354E1F7}"
EndProject
Project("{FAE04EC0-301F-11D3-BF4B-00C04F79EFBC}") = "Domain", "Domain\Domain.csproj", "{C2BBBE3D-A61C-4DC6-AAEA-528904D4D06E}"
EndProject
Project("{FAE04EC0-301F-11D3-BF4B-00C04F79EFBC}") = "Persistence", "Persistence\Persistence.csproj", "{C94F02F4-D657-4384-A316-DB4509A1EE32}"
EndProject
Project("{FAE04EC0-301F-11D3-BF4B-00C04F79EFBC}") = "Infrastructure", "Infrastructure\Infrastructure.csproj", "{24DB0C11-A965-4CA2-A8E8-BF10572A286D}"
EndProject
Global
	GlobalSection(SolutionConfigurationPlatforms) = preSolution
		Debug|Any CPU = Debug|Any CPU
		Debug|x64 = Debug|x64
		Debug|x86 = Debug|x86
		Release|Any CPU = Release|Any CPU
		Release|x64 = Release|x64
		Release|x86 = Release|x86
	EndGlobalSection
	GlobalSection(SolutionProperties) = preSolution
		HideSolutionNode = FALSE
	EndGlobalSection
	GlobalSection(ProjectConfigurationPlatforms) = postSolution
		{44FAA5AA-F1C6-4B57-8887-C4A1AA250022}.Debug|Any CPU.ActiveCfg = Debug|Any CPU
		{44FAA5AA-F1C6-4B57-8887-C4A1AA250022}.Debug|Any CPU.Build.0 = Debug|Any CPU
		{44FAA5AA-F1C6-4B57-8887-C4A1AA250022}.Debug|x64.ActiveCfg = Debug|Any CPU
		{44FAA5AA-F1C6-4B57-8887-C4A1AA250022}.Debug|x64.Build.0 = Debug|Any CPU
		{44FAA5AA-F1C6-4B57-8887-C4A1AA250022}.Debug|x86.ActiveCfg = Debug|Any CPU
		{44FAA5AA-F1C6-4B57-8887-C4A1AA250022}.Debug|x86.Build.0 = Debug|Any CPU
		{44FAA5AA-F1C6-4B57-8887-C4A1AA250022}.Release|Any CPU.ActiveCfg = Release|Any CPU
		{44FAA5AA-F1C6-4B57-8887-C4A1AA250022}.Release|Any CPU.Build.0 = Release|Any CPU
		{44FAA5AA-F1C6-4B57-8887-C4A1AA250022}.Release|x64.ActiveCfg = Release|Any CPU
		{44FAA5AA-F1C6-4B57-8887-C4A1AA250022}.Release|x64.Build.0 = Release|Any CPU
		{44FAA5AA-F1C6-4B57-8887-C4A1AA250022}.Release|x86.ActiveCfg = Release|Any CPU
		{44FAA5AA-F1C6-4B57-8887-C4A1AA250022}.Release|x86.Build.0 = Release|Any CPU
		{B9B35A45-61CF-461A-B02A-08131354E1F7}.Debug|Any CPU.ActiveCfg = Debug|Any CPU
		{B9B35A45-61CF-461A-B02A-08131354E1F7}.Debug|Any CPU.Build.0 = Debug|Any CPU
		{B9B35A45-61CF-461A-B02A-08131354E1F7}.Debug|x64.ActiveCfg = Debug|Any CPU
		{B9B35A45-61CF-461A-B02A-08131354E1F7}.Debug|x64.Build.0 = Debug|Any CPU
		{B9B35A45-61CF-461A-B02A-08131354E1F7}.Debug|x86.ActiveCfg = Debug|Any CPU
		{B9B35A45-61CF-461A-B02A-08131354E1F7}.Debug|x86.Build.0 = Debug|Any CPU
		{B9B35A45-61CF-461A-B02A-08131354E1F7}.Release|Any CPU.ActiveCfg = Release|Any CPU
		{B9B35A45-61CF-461A-B02A-08131354E1F7}.Release|Any CPU.Build.0 = Release|Any CPU
		{B9B35A45-61CF-461A-B02A-08131354E1F7}.Release|x64.ActiveCfg = Release|Any CPU
		{B9B35A45-61CF-461A-B02A-08131354E1F7}.Release|x64.Build.0 = Release|Any CPU
		{B9B35A45-61CF-461A-B02A-08131354E1F7}.Release|x86.ActiveCfg = Release|Any CPU
		{B9B35A45-61CF-461A-B02A-08131354E1F7}.Release|x86.Build.0 = Release|Any CPU
		{C2BBBE3D-A61C-4DC6-AAEA-528904D4D06E}.Debug|Any CPU.ActiveCfg = Debug|Any CPU
		{C2BBBE3D-A61C-4DC6-AAEA-528904D4D06E}.Debug|Any CPU.Build.0 = Debug|Any CPU
		{C2BBBE3D-A61C-4DC6-AAEA-528904D4D06E}.Debug|x64.ActiveCfg = Debug|Any CPU
		{C2BBBE3D-A61C-4DC6-AAEA-528904D4D06E}.Debug|x64.Build.0 = Debug|Any CPU
		{C2BBBE3D-A61C-4DC6-AAEA-528904D4D06E}.Debug|x86.ActiveCfg = Debug|Any CPU
		{C2BBBE3D-A61C-4DC6-AAEA-528904D4D06E}.Debug|x86.Build.0 = Debug|Any CPU
		{C2BBBE3D-A61C-4DC6-AAEA-528904D4D06E}.Release|Any CPU.ActiveCfg = Release|Any CPU
		{C2BBBE3D-A61C-4DC6-AAEA-528904D4D06E}.Release|Any CPU.Build.0 = Release|Any CPU
		{C2BBBE3D-A61C-4DC6-AAEA-528904D4D06E}.Release|x64.ActiveCfg = Release|Any CPU
		{C2BBBE3D-A61C-4DC6-AAEA-528904D4D06E}.Release|x64.Build.0 = Release|Any CPU
		{C2BBBE3D-A61C-4DC6-AAEA-528904D4D06E}.Release|x86.ActiveCfg = Release|Any CPU
		{C2BBBE3D-A61C-4DC6-AAEA-528904D4D06E}.Release|x86.Build.0 = Release|Any CPU
		{C94F02F4-D657-4384-A316-DB4509A1EE32}.Debug|Any CPU.ActiveCfg = Debug|Any CPU
		{C94F02F4-D657-4384-A316-DB4509A1EE32}.Debug|Any CPU.Build.0 = Debug|Any CPU
		{C94F02F4-D657-4384-A316-DB4509A1EE32}.Debug|x64.ActiveCfg = Debug|Any CPU
		{C94F02F4-D657-4384-A316-DB4509A1EE32}.Debug|x64.Build.0 = Debug|Any CPU
		{C94F02F4-D657-4384-A316-DB4509A1EE32}.Debug|x86.ActiveCfg = Debug|Any CPU
		{C94F02F4-D657-4384-A316-DB4509A1EE32}.Debug|x86.Build.0 = Debug|Any CPU
		{C94F02F4-D657-4384-A316-DB4509A1EE32}.Release|Any CPU.ActiveCfg = Release|Any CPU
		{C94F02F4-D657-4384-A316-DB4509A1EE32}.Release|Any CPU.Build.0 = Release|Any CPU
		{C94F02F4-D657-4384-A316-DB4509A1EE32}.Release|x64.ActiveCfg = Release|Any CPU
		{C94F02F4-D657-4384-A316-DB4509A1EE32}.Release|x64.Build.0 = Release|Any CPU
		{C94F02F4-D657-4384-A316-DB4509A1EE32}.Release|x86.ActiveCfg = Release|Any CPU
		{C94F02F4-D657-4384-A316-DB4509A1EE32}.Release|x86.Build.0 = Release|Any CPU
		{24DB0C11-A965-4CA2-A8E8-BF10572A286D}.Debug|Any CPU.ActiveCfg = Debug|Any CPU
		{24DB0C11-A965-4CA2-A8E8-BF10572A286D}.Debug|Any CPU.Build.0 = Debug|Any CPU
		{24DB0C11-A965-4CA2-A8E8-BF10572A286D}.Debug|x64.ActiveCfg = Debug|Any CPU
		{24DB0C11-A965-4CA2-A8E8-BF10572A286D}.Debug|x64.Build.0 = Debug|Any CPU
		{24DB0C11-A965-4CA2-A8E8-BF10572A286D}.Debug|x86.ActiveCfg = Debug|Any CPU
		{24DB0C11-A965-4CA2-A8E8-BF10572A286D}.Debug|x86.Build.0 = Debug|Any CPU
		{24DB0C11-A965-4CA2-A8E8-BF10572A286D}.Release|Any CPU.ActiveCfg = Release|Any CPU
		{24DB0C11-A965-4CA2-A8E8-BF10572A286D}.Release|Any CPU.Build.0 = Release|Any CPU
		{24DB0C11-A965-4CA2-A8E8-BF10572A286D}.Release|x64.ActiveCfg = Release|Any CPU
		{24DB0C11-A965-4CA2-A8E8-BF10572A286D}.Release|x64.Build.0 = Release|Any CPU
		{24DB0C11-A965-4CA2-A8E8-BF10572A286D}.Release|x86.ActiveCfg = Release|Any CPU
		{24DB0C11-A965-4CA2-A8E8-BF10572A286D}.Release|x86.Build.0 = Release|Any CPU
	EndGlobalSection
EndGlobal
